
Microsoft Visual Studio Solution File, Format Version 12.00
# Visual Studio Version 17
VisualStudioVersion = 17.5.33424.131
MinimumVisualStudioVersion = 10.0.40219.1
Project("{FAE04EC0-301F-11D3-BF4B-00C04F79EFBC}") = "RehberForm", "RehberForm\RehberForm.csproj", "{F61F0628-5BFC-4591-A80D-D45CB1EB257A}"
EndProject
Global
	GlobalSection(SolutionConfigurationPlatforms) = preSolution
		Debug|Any CPU = Debug|Any CPU
		Release|Any CPU = Release|Any CPU
	EndGlobalSection
	GlobalSection(ProjectConfigurationPlatforms) = postSolution
		{F61F0628-5BFC-4591-A80D-D45CB1EB257A}.Debug|Any CPU.ActiveCfg = Debug|Any CPU
		{F61F0628-5BFC-4591-A80D-D45CB1EB257A}.Debug|Any CPU.Build.0 = Debug|Any CPU
		{F61F0628-5BFC-4591-A80D-D45CB1EB257A}.Release|Any CPU.ActiveCfg = Release|Any CPU
		{F61F0628-5BFC-4591-A80D-D45CB1EB257A}.Release|Any CPU.Build.0 = Release|Any CPU
	EndGlobalSection
	GlobalSection(SolutionProperties) = preSolution
		HideSolutionNode = FALSE
	EndGlobalSection
	GlobalSection(ExtensibilityGlobals) = postSolution
		SolutionGuid = {B8BA0995-5BBC-4A5F-9904-7EF684D273F0}
	EndGlobalSection
EndGlobal
